// !$*UTF8*$!
{
	archiveVersion = 1;
	classes = {
	};
	objectVersion = 56;
	objects = {

/* Begin PBXBuildFile section */
		76952C042AFB9941005BC72D /* NavigationViewTestApp.swift in Sources */ = {isa = PBXBuildFile; fileRef = 76952C032AFB9941005BC72D /* NavigationViewTestApp.swift */; };
		76952C062AFB9941005BC72D /* ContentView.swift in Sources */ = {isa = PBXBuildFile; fileRef = 76952C052AFB9941005BC72D /* ContentView.swift */; };
		76952C082AFB9943005BC72D /* Assets.xcassets in Resources */ = {isa = PBXBuildFile; fileRef = 76952C072AFB9943005BC72D /* Assets.xcassets */; };
		76952C0C2AFB9943005BC72D /* Preview Assets.xcassets in Resources */ = {isa = PBXBuildFile; fileRef = 76952C0B2AFB9943005BC72D /* Preview Assets.xcassets */; };
		76952C162AFBA21E005BC72D /* FirstTabView.swift in Sources */ = {isa = PBXBuildFile; fileRef = 76952C152AFBA21E005BC72D /* FirstTabView.swift */; };
		76952C182AFBA99A005BC72D /* DetailView.swift in Sources */ = {isa = PBXBuildFile; fileRef = 76952C172AFBA99A005BC72D /* DetailView.swift */; };
		76952C1A2AFC26D3005BC72D /* Book.swift in Sources */ = {isa = PBXBuildFile; fileRef = 76952C192AFC26D3005BC72D /* Book.swift */; };
		76952C1C2AFC284F005BC72D /* SecondViewTab.swift in Sources */ = {isa = PBXBuildFile; fileRef = 76952C1B2AFC284F005BC72D /* SecondViewTab.swift */; };
		76952C1E2AFC2996005BC72D /* BookDetailView.swift in Sources */ = {isa = PBXBuildFile; fileRef = 76952C1D2AFC2996005BC72D /* BookDetailView.swift */; };
		76952C202AFC2E14005BC72D /* Readme.md in Resources */ = {isa = PBXBuildFile; fileRef = 76952C1F2AFC2E14005BC72D /* Readme.md */; };
/* End PBXBuildFile section */

/* Begin PBXFileReference section */
		76952C002AFB9941005BC72D /* NavigationViewTest.app */ = {isa = PBXFileReference; explicitFileType = wrapper.application; includeInIndex = 0; path = NavigationViewTest.app; sourceTree = BUILT_PRODUCTS_DIR; };
		76952C032AFB9941005BC72D /* NavigationViewTestApp.swift */ = {isa = PBXFileReference; lastKnownFileType = sourcecode.swift; path = NavigationViewTestApp.swift; sourceTree = "<group>"; };
		76952C052AFB9941005BC72D /* ContentView.swift */ = {isa = PBXFileReference; lastKnownFileType = sourcecode.swift; path = ContentView.swift; sourceTree = "<group>"; };
		76952C072AFB9943005BC72D /* Assets.xcassets */ = {isa = PBXFileReference; lastKnownFileType = folder.assetcatalog; path = Assets.xcassets; sourceTree = "<group>"; };
		76952C092AFB9943005BC72D /* NavigationViewTest.entitlements */ = {isa = PBXFileReference; lastKnownFileType = text.plist.entitlements; path = NavigationViewTest.entitlements; sourceTree = "<group>"; };
		76952C0B2AFB9943005BC72D /* Preview Assets.xcassets */ = {isa = PBXFileReference; lastKnownFileType = folder.assetcatalog; path = "Preview Assets.xcassets"; sourceTree = "<group>"; };
		76952C152AFBA21E005BC72D /* FirstTabView.swift */ = {isa = PBXFileReference; lastKnownFileType = sourcecode.swift; path = FirstTabView.swift; sourceTree = "<group>"; };
		76952C172AFBA99A005BC72D /* DetailView.swift */ = {isa = PBXFileReference; lastKnownFileType = sourcecode.swift; path = DetailView.swift; sourceTree = "<group>"; };
		76952C192AFC26D3005BC72D /* Book.swift */ = {isa = PBXFileReference; lastKnownFileType = sourcecode.swift; name = Book.swift; path = ../Book.swift; sourceTree = "<group>"; };
		76952C1B2AFC284F005BC72D /* SecondViewTab.swift */ = {isa = PBXFileReference; lastKnownFileType = sourcecode.swift; path = SecondViewTab.swift; sourceTree = "<group>"; };
		76952C1D2AFC2996005BC72D /* BookDetailView.swift */ = {isa = PBXFileReference; lastKnownFileType = sourcecode.swift; path = BookDetailView.swift; sourceTree = "<group>"; };
		76952C1F2AFC2E14005BC72D /* Readme.md */ = {isa = PBXFileReference; fileEncoding = 4; lastKnownFileType = net.daringfireball.markdown; path = Readme.md; sourceTree = "<group>"; };
/* End PBXFileReference section */

/* Begin PBXFrameworksBuildPhase section */
		76952BFD2AFB9941005BC72D /* Frameworks */ = {
			isa = PBXFrameworksBuildPhase;
			buildActionMask = 2147483647;
			files = (
			);
			runOnlyForDeploymentPostprocessing = 0;
		};
/* End PBXFrameworksBuildPhase section */

/* Begin PBXGroup section */
		76952BF72AFB9941005BC72D = {
			isa = PBXGroup;
			children = (
				76952C1F2AFC2E14005BC72D /* Readme.md */,
				76952C022AFB9941005BC72D /* NavigationViewTest */,
				76952C012AFB9941005BC72D /* Products */,
			);
			sourceTree = "<group>";
		};
		76952C012AFB9941005BC72D /* Products */ = {
			isa = PBXGroup;
			children = (
				76952C002AFB9941005BC72D /* NavigationViewTest.app */,
			);
			name = Products;
			sourceTree = "<group>";
		};
		76952C022AFB9941005BC72D /* NavigationViewTest */ = {
			isa = PBXGroup;
			children = (
				76952C212AFD1B65005BC72D /* Model */,
				76952C122AFB9F80005BC72D /* FirstTab */,
				76952C132AFB9F93005BC72D /* SecondTab */,
				76952C142AFB9FA6005BC72D /* ThirdTab */,
				76952C032AFB9941005BC72D /* NavigationViewTestApp.swift */,
				76952C052AFB9941005BC72D /* ContentView.swift */,
				76952C072AFB9943005BC72D /* Assets.xcassets */,
				76952C092AFB9943005BC72D /* NavigationViewTest.entitlements */,
				76952C0A2AFB9943005BC72D /* Preview Content */,
			);
			path = NavigationViewTest;
			sourceTree = "<group>";
		};
		76952C0A2AFB9943005BC72D /* Preview Content */ = {
			isa = PBXGroup;
			children = (
				76952C0B2AFB9943005BC72D /* Preview Assets.xcassets */,
			);
			path = "Preview Content";
			sourceTree = "<group>";
		};
		76952C122AFB9F80005BC72D /* FirstTab */ = {
			isa = PBXGroup;
			children = (
				76952C152AFBA21E005BC72D /* FirstTabView.swift */,
				76952C172AFBA99A005BC72D /* DetailView.swift */,
			);
			path = FirstTab;
			sourceTree = "<group>";
		};
		76952C132AFB9F93005BC72D /* SecondTab */ = {
			isa = PBXGroup;
			children = (
				76952C1B2AFC284F005BC72D /* SecondViewTab.swift */,
				76952C1D2AFC2996005BC72D /* BookDetailView.swift */,
			);
			path = SecondTab;
			sourceTree = "<group>";
		};
		76952C142AFB9FA6005BC72D /* ThirdTab */ = {
			isa = PBXGroup;
			children = (
			);
			path = ThirdTab;
			sourceTree = "<group>";
		};
		76952C212AFD1B65005BC72D /* Model */ = {
			isa = PBXGroup;
			children = (
				76952C192AFC26D3005BC72D /* Book.swift */,
			);
			path = Model;
			sourceTree = "<group>";
		};
/* End PBXGroup section */

/* Begin PBXNativeTarget section */
		76952BFF2AFB9941005BC72D /* NavigationViewTest */ = {
			isa = PBXNativeTarget;
			buildConfigurationList = 76952C0F2AFB9943005BC72D /* Build configuration list for PBXNativeTarget "NavigationViewTest" */;
			buildPhases = (
				76952BFC2AFB9941005BC72D /* Sources */,
				76952BFD2AFB9941005BC72D /* Frameworks */,
				76952BFE2AFB9941005BC72D /* Resources */,
			);
			buildRules = (
			);
			dependencies = (
			);
			name = NavigationViewTest;
			productName = NavigationViewTest;
			productReference = 76952C002AFB9941005BC72D /* NavigationViewTest.app */;
			productType = "com.apple.product-type.application";
		};
/* End PBXNativeTarget section */

/* Begin PBXProject section */
		76952BF82AFB9941005BC72D /* Project object */ = {
			isa = PBXProject;
			attributes = {
				BuildIndependentTargetsInParallel = 1;
				LastSwiftUpdateCheck = 1500;
				LastUpgradeCheck = 1500;
				TargetAttributes = {
					76952BFF2AFB9941005BC72D = {
						CreatedOnToolsVersion = 15.0.1;
					};
				};
			};
			buildConfigurationList = 76952BFB2AFB9941005BC72D /* Build configuration list for PBXProject "NavigationViewTest" */;
			compatibilityVersion = "Xcode 14.0";
			developmentRegion = en;
			hasScannedForEncodings = 0;
			knownRegions = (
				en,
				Base,
			);
			mainGroup = 76952BF72AFB9941005BC72D;
			productRefGroup = 76952C012AFB9941005BC72D /* Products */;
			projectDirPath = "";
			projectRoot = "";
			targets = (
				76952BFF2AFB9941005BC72D /* NavigationViewTest */,
			);
		};
/* End PBXProject section */

/* Begin PBXResourcesBuildPhase section */
		76952BFE2AFB9941005BC72D /* Resources */ = {
			isa = PBXResourcesBuildPhase;
			buildActionMask = 2147483647;
			files = (
				76952C0C2AFB9943005BC72D /* Preview Assets.xcassets in Resources */,
				76952C082AFB9943005BC72D /* Assets.xcassets in Resources */,
				76952C202AFC2E14005BC72D /* Readme.md in Resources */,
			);
			runOnlyForDeploymentPostprocessing = 0;
		};
/* End PBXResourcesBuildPhase section */

/* Begin PBXSourcesBuildPhase section */
		76952BFC2AFB9941005BC72D /* Sources */ = {
			isa = PBXSourcesBuildPhase;
			buildActionMask = 2147483647;
			files = (
				76952C062AFB9941005BC72D /* ContentView.swift in Sources */,
				76952C182AFBA99A005BC72D /* DetailView.swift in Sources */,
				76952C1C2AFC284F005BC72D /* SecondViewTab.swift in Sources */,
				76952C162AFBA21E005BC72D /* FirstTabView.swift in Sources */,
				76952C1A2AFC26D3005BC72D /* Book.swift in Sources */,
				76952C042AFB9941005BC72D /* NavigationViewTestApp.swift in Sources */,
				76952C1E2AFC2996005BC72D /* BookDetailView.swift in Sources */,
			);
			runOnlyForDeploymentPostprocessing = 0;
		};
/* End PBXSourcesBuildPhase section */

/* Begin XCBuildConfiguration section */
		76952C0D2AFB9943005BC72D /* Debug */ = {
			isa = XCBuildConfiguration;
			buildSettings = {
				ALWAYS_SEARCH_USER_PATHS = NO;
				ASSETCATALOG_COMPILER_GENERATE_SWIFT_ASSET_SYMBOL_EXTENSIONS = YES;
				CLANG_ANALYZER_NONNULL = YES;
				CLANG_ANALYZER_NUMBER_OBJECT_CONVERSION = YES_AGGRESSIVE;
				CLANG_CXX_LANGUAGE_STANDARD = "gnu++20";
				CLANG_ENABLE_MODULES = YES;
				CLANG_ENABLE_OBJC_ARC = YES;
				CLANG_ENABLE_OBJC_WEAK = YES;
				CLANG_WARN_BLOCK_CAPTURE_AUTORELEASING = YES;
				CLANG_WARN_BOOL_CONVERSION = YES;
				CLANG_WARN_COMMA = YES;
				CLANG_WARN_CONSTANT_CONVERSION = YES;
				CLANG_WARN_DEPRECATED_OBJC_IMPLEMENTATIONS = YES;
				CLANG_WARN_DIRECT_OBJC_ISA_USAGE = YES_ERROR;
				CLANG_WARN_DOCUMENTATION_COMMENTS = YES;
				CLANG_WARN_EMPTY_BODY = YES;
				CLANG_WARN_ENUM_CONVERSION = YES;
				CLANG_WARN_INFINITE_RECURSION = YES;
				CLANG_WARN_INT_CONVERSION = YES;
				CLANG_WARN_NON_LITERAL_NULL_CONVERSION = YES;
				CLANG_WARN_OBJC_IMPLICIT_RETAIN_SELF = YES;
				CLANG_WARN_OBJC_LITERAL_CONVERSION = YES;
				CLANG_WARN_OBJC_ROOT_CLASS = YES_ERROR;
				CLANG_WARN_QUOTED_INCLUDE_IN_FRAMEWORK_HEADER = YES;
				CLANG_WARN_RANGE_LOOP_ANALYSIS = YES;
				CLANG_WARN_STRICT_PROTOTYPES = YES;
				CLANG_WARN_SUSPICIOUS_MOVE = YES;
				CLANG_WARN_UNGUARDED_AVAILABILITY = YES_AGGRESSIVE;
				CLANG_WARN_UNREACHABLE_CODE = YES;
				CLANG_WARN__DUPLICATE_METHOD_MATCH = YES;
				COPY_PHASE_STRIP = NO;
				DEBUG_INFORMATION_FORMAT = dwarf;
				ENABLE_STRICT_OBJC_MSGSEND = YES;
				ENABLE_TESTABILITY = YES;
				ENABLE_USER_SCRIPT_SANDBOXING = YES;
				GCC_C_LANGUAGE_STANDARD = gnu17;
				GCC_DYNAMIC_NO_PIC = NO;
				GCC_NO_COMMON_BLOCKS = YES;
				GCC_OPTIMIZATION_LEVEL = 0;
				GCC_PREPROCESSOR_DEFINITIONS = (
					"DEBUG=1",
					"$(inherited)",
				);
				GCC_WARN_64_TO_32_BIT_CONVERSION = YES;
				GCC_WARN_ABOUT_RETURN_TYPE = YES_ERROR;
				GCC_WARN_UNDECLARED_SELECTOR = YES;
				GCC_WARN_UNINITIALIZED_AUTOS = YES_AGGRESSIVE;
				GCC_WARN_UNUSED_FUNCTION = YES;
				GCC_WARN_UNUSED_VARIABLE = YES;
				LOCALIZATION_PREFERS_STRING_CATALOGS = YES;
				MTL_ENABLE_DEBUG_INFO = INCLUDE_SOURCE;
				MTL_FAST_MATH = YES;
				ONLY_ACTIVE_ARCH = YES;
				SWIFT_ACTIVE_COMPILATION_CONDITIONS = "DEBUG $(inherited)";
				SWIFT_OPTIMIZATION_LEVEL = "-Onone";
			};
			name = Debug;
		};
		76952C0E2AFB9943005BC72D /* Release */ = {
			isa = XCBuildConfiguration;
			buildSettings = {
				ALWAYS_SEARCH_USER_PATHS = NO;
				ASSETCATALOG_COMPILER_GENERATE_SWIFT_ASSET_SYMBOL_EXTENSIONS = YES;
				CLANG_ANALYZER_NONNULL = YES;
				CLANG_ANALYZER_NUMBER_OBJECT_CONVERSION = YES_AGGRESSIVE;
				CLANG_CXX_LANGUAGE_STANDARD = "gnu++20";
				CLANG_ENABLE_MODULES = YES;
				CLANG_ENABLE_OBJC_ARC = YES;
				CLANG_ENABLE_OBJC_WEAK = YES;
				CLANG_WARN_BLOCK_CAPTURE_AUTORELEASING = YES;
				CLANG_WARN_BOOL_CONVERSION = YES;
				CLANG_WARN_COMMA = YES;
				CLANG_WARN_CONSTANT_CONVERSION = YES;
				CLANG_WARN_DEPRECATED_OBJC_IMPLEMENTATIONS = YES;
				CLANG_WARN_DIRECT_OBJC_ISA_USAGE = YES_ERROR;
				CLANG_WARN_DOCUMENTATION_COMMENTS = YES;
				CLANG_WARN_EMPTY_BODY = YES;
				CLANG_WARN_ENUM_CONVERSION = YES;
				CLANG_WARN_INFINITE_RECURSION = YES;
				CLANG_WARN_INT_CONVERSION = YES;
				CLANG_WARN_NON_LITERAL_NULL_CONVERSION = YES;
				CLANG_WARN_OBJC_IMPLICIT_RETAIN_SELF = YES;
				CLANG_WARN_OBJC_LITERAL_CONVERSION = YES;
				CLANG_WARN_OBJC_ROOT_CLASS = YES_ERROR;
				CLANG_WARN_QUOTED_INCLUDE_IN_FRAMEWORK_HEADER = YES;
				CLANG_WARN_RANGE_LOOP_ANALYSIS = YES;
				CLANG_WARN_STRICT_PROTOTYPES = YES;
				CLANG_WARN_SUSPICIOUS_MOVE = YES;
				CLANG_WARN_UNGUARDED_AVAILABILITY = YES_AGGRESSIVE;
				CLANG_WARN_UNREACHABLE_CODE = YES;
				CLANG_WARN__DUPLICATE_METHOD_MATCH = YES;
				COPY_PHASE_STRIP = NO;
				DEBUG_INFORMATION_FORMAT = "dwarf-with-dsym";
				ENABLE_NS_ASSERTIONS = NO;
				ENABLE_STRICT_OBJC_MSGSEND = YES;
				ENABLE_USER_SCRIPT_SANDBOXING = YES;
				GCC_C_LANGUAGE_STANDARD = gnu17;
				GCC_NO_COMMON_BLOCKS = YES;
				GCC_WARN_64_TO_32_BIT_CONVERSION = YES;
				GCC_WARN_ABOUT_RETURN_TYPE = YES_ERROR;
				GCC_WARN_UNDECLARED_SELECTOR = YES;
				GCC_WARN_UNINITIALIZED_AUTOS = YES_AGGRESSIVE;
				GCC_WARN_UNUSED_FUNCTION = YES;
				GCC_WARN_UNUSED_VARIABLE = YES;
				LOCALIZATION_PREFERS_STRING_CATALOGS = YES;
				MTL_ENABLE_DEBUG_INFO = NO;
				MTL_FAST_MATH = YES;
				SWIFT_COMPILATION_MODE = wholemodule;
			};
			name = Release;
		};
		76952C102AFB9943005BC72D /* Debug */ = {
			isa = XCBuildConfiguration;
			buildSettings = {
				ASSETCATALOG_COMPILER_APPICON_NAME = AppIcon;
				ASSETCATALOG_COMPILER_GLOBAL_ACCENT_COLOR_NAME = AccentColor;
				CODE_SIGN_ENTITLEMENTS = NavigationViewTest/NavigationViewTest.entitlements;
				CODE_SIGN_STYLE = Automatic;
				CURRENT_PROJECT_VERSION = 1;
				DEVELOPMENT_ASSET_PATHS = "\"NavigationViewTest/Preview Content\"";
				DEVELOPMENT_TEAM = PFVCA649R3;
				ENABLE_HARDENED_RUNTIME = YES;
				ENABLE_PREVIEWS = YES;
				GENERATE_INFOPLIST_FILE = YES;
				"INFOPLIST_KEY_UIApplicationSceneManifest_Generation[sdk=iphoneos*]" = YES;
				"INFOPLIST_KEY_UIApplicationSceneManifest_Generation[sdk=iphonesimulator*]" = YES;
				"INFOPLIST_KEY_UIApplicationSupportsIndirectInputEvents[sdk=iphoneos*]" = YES;
				"INFOPLIST_KEY_UIApplicationSupportsIndirectInputEvents[sdk=iphonesimulator*]" = YES;
				"INFOPLIST_KEY_UILaunchScreen_Generation[sdk=iphoneos*]" = YES;
				"INFOPLIST_KEY_UILaunchScreen_Generation[sdk=iphonesimulator*]" = YES;
				"INFOPLIST_KEY_UIStatusBarStyle[sdk=iphoneos*]" = UIStatusBarStyleDefault;
				"INFOPLIST_KEY_UIStatusBarStyle[sdk=iphonesimulator*]" = UIStatusBarStyleDefault;
				INFOPLIST_KEY_UISupportedInterfaceOrientations_iPad = "UIInterfaceOrientationPortrait UIInterfaceOrientationPortraitUpsideDown UIInterfaceOrientationLandscapeLeft UIInterfaceOrientationLandscapeRight";
				INFOPLIST_KEY_UISupportedInterfaceOrientations_iPhone = "UIInterfaceOrientationPortrait UIInterfaceOrientationLandscapeLeft UIInterfaceOrientationLandscapeRight";
				IPHONEOS_DEPLOYMENT_TARGET = 17.0;
				LD_RUNPATH_SEARCH_PATHS = "@executable_path/Frameworks";
				"LD_RUNPATH_SEARCH_PATHS[sdk=macosx*]" = "@executable_path/../Frameworks";
				MACOSX_DEPLOYMENT_TARGET = 14.0;
				MARKETING_VERSION = 1.0;
				PRODUCT_BUNDLE_IDENTIFIER = com.kashiash.NavigationViewTest;
				PRODUCT_NAME = "$(TARGET_NAME)";
				SDKROOT = auto;
				SUPPORTED_PLATFORMS = "iphoneos iphonesimulator macosx";
				SWIFT_EMIT_LOC_STRINGS = YES;
				SWIFT_VERSION = 5.0;
				TARGETED_DEVICE_FAMILY = "1,2";
			};
			name = Debug;
		};
		76952C112AFB9943005BC72D /* Release */ = {
			isa = XCBuildConfiguration;
			buildSettings = {
				ASSETCATALOG_COMPILER_APPICON_NAME = AppIcon;
				ASSETCATALOG_COMPILER_GLOBAL_ACCENT_COLOR_NAME = AccentColor;
				CODE_SIGN_ENTITLEMENTS = NavigationViewTest/NavigationViewTest.entitlements;
				CODE_SIGN_STYLE = Automatic;
				CURRENT_PROJECT_VERSION = 1;
				DEVELOPMENT_ASSET_PATHS = "\"NavigationViewTest/Preview Content\"";
				DEVELOPMENT_TEAM = PFVCA649R3;
				ENABLE_HARDENED_RUNTIME = YES;
				ENABLE_PREVIEWS = YES;
				GENERATE_INFOPLIST_FILE = YES;
				"INFOPLIST_KEY_UIApplicationSceneManifest_Generation[sdk=iphoneos*]" = YES;
				"INFOPLIST_KEY_UIApplicationSceneManifest_Generation[sdk=iphonesimulator*]" = YES;
				"INFOPLIST_KEY_UIApplicationSupportsIndirectInputEvents[sdk=iphoneos*]" = YES;
				"INFOPLIST_KEY_UIApplicationSupportsIndirectInputEvents[sdk=iphonesimulator*]" = YES;
				"INFOPLIST_KEY_UILaunchScreen_Generation[sdk=iphoneos*]" = YES;
				"INFOPLIST_KEY_UILaunchScreen_Generation[sdk=iphonesimulator*]" = YES;
				"INFOPLIST_KEY_UIStatusBarStyle[sdk=iphoneos*]" = UIStatusBarStyleDefault;
				"INFOPLIST_KEY_UIStatusBarStyle[sdk=iphonesimulator*]" = UIStatusBarStyleDefault;
				INFOPLIST_KEY_UISupportedInterfaceOrientations_iPad = "UIInterfaceOrientationPortrait UIInterfaceOrientationPortraitUpsideDown UIInterfaceOrientationLandscapeLeft UIInterfaceOrientationLandscapeRight";
				INFOPLIST_KEY_UISupportedInterfaceOrientations_iPhone = "UIInterfaceOrientationPortrait UIInterfaceOrientationLandscapeLeft UIInterfaceOrientationLandscapeRight";
				IPHONEOS_DEPLOYMENT_TARGET = 17.0;
				LD_RUNPATH_SEARCH_PATHS = "@executable_path/Frameworks";
				"LD_RUNPATH_SEARCH_PATHS[sdk=macosx*]" = "@executable_path/../Frameworks";
				MACOSX_DEPLOYMENT_TARGET = 14.0;
				MARKETING_VERSION = 1.0;
				PRODUCT_BUNDLE_IDENTIFIER = com.kashiash.NavigationViewTest;
				PRODUCT_NAME = "$(TARGET_NAME)";
				SDKROOT = auto;
				SUPPORTED_PLATFORMS = "iphoneos iphonesimulator macosx";
				SWIFT_EMIT_LOC_STRINGS = YES;
				SWIFT_VERSION = 5.0;
				TARGETED_DEVICE_FAMILY = "1,2";
			};
			name = Release;
		};
/* End XCBuildConfiguration section */

/* Begin XCConfigurationList section */
		76952BFB2AFB9941005BC72D /* Build configuration list for PBXProject "NavigationViewTest" */ = {
			isa = XCConfigurationList;
			buildConfigurations = (
				76952C0D2AFB9943005BC72D /* Debug */,
				76952C0E2AFB9943005BC72D /* Release */,
			);
			defaultConfigurationIsVisible = 0;
			defaultConfigurationName = Release;
		};
		76952C0F2AFB9943005BC72D /* Build configuration list for PBXNativeTarget "NavigationViewTest" */ = {
			isa = XCConfigurationList;
			buildConfigurations = (
				76952C102AFB9943005BC72D /* Debug */,
				76952C112AFB9943005BC72D /* Release */,
			);
			defaultConfigurationIsVisible = 0;
			defaultConfigurationName = Release;
		};
/* End XCConfigurationList section */
	};
	rootObject = 76952BF82AFB9941005BC72D /* Project object */;
}
